
Microsoft Visual Studio Solution File, Format Version 12.00
# Visual Studio Version 17
VisualStudioVersion = 17.4.33103.184
MinimumVisualStudioVersion = 10.0.40219.1
Project("{FAE04EC0-301F-11D3-BF4B-00C04F79EFBC}") = "RegEx1", "RegEx\RegEx1.csproj", "{886F6754-9C41-469A-982F-CAB00B35C688}"
EndProject
Project("{FAE04EC0-301F-11D3-BF4B-00C04F79EFBC}") = "RegEx2", "RegEx2\RegEx2.csproj", "{62AFC8AA-82E6-480C-A7BC-CF607366727F}"
EndProject
Global
	GlobalSection(SolutionConfigurationPlatforms) = preSolution
		Debug|Any CPU = Debug|Any CPU
		Release|Any CPU = Release|Any CPU
	EndGlobalSection
	GlobalSection(ProjectConfigurationPlatforms) = postSolution
		{886F6754-9C41-469A-982F-CAB00B35C688}.Debug|Any CPU.ActiveCfg = Debug|Any CPU
		{886F6754-9C41-469A-982F-CAB00B35C688}.Debug|Any CPU.Build.0 = Debug|Any CPU
		{886F6754-9C41-469A-982F-CAB00B35C688}.Release|Any CPU.ActiveCfg = Release|Any CPU
		{886F6754-9C41-469A-982F-CAB00B35C688}.Release|Any CPU.Build.0 = Release|Any CPU
		{62AFC8AA-82E6-480C-A7BC-CF607366727F}.Debug|Any CPU.ActiveCfg = Debug|Any CPU
		{62AFC8AA-82E6-480C-A7BC-CF607366727F}.Debug|Any CPU.Build.0 = Debug|Any CPU
		{62AFC8AA-82E6-480C-A7BC-CF607366727F}.Release|Any CPU.ActiveCfg = Release|Any CPU
		{62AFC8AA-82E6-480C-A7BC-CF607366727F}.Release|Any CPU.Build.0 = Release|Any CPU
	EndGlobalSection
	GlobalSection(SolutionProperties) = preSolution
		HideSolutionNode = FALSE
	EndGlobalSection
	GlobalSection(ExtensibilityGlobals) = postSolution
		SolutionGuid = {77AF8647-FE2E-4D2E-A324-DEC108967F6D}
	EndGlobalSection
EndGlobal
